
Microsoft Visual Studio Solution File, Format Version 12.00
# Visual Studio Version 16
VisualStudioVersion = 16.0.32428.217
MinimumVisualStudioVersion = 10.0.40219.1
Project("{FAE04EC0-301F-11D3-BF4B-00C04F79EFBC}") = "WPFDemo", "WPFDemo\WPFDemo.csproj", "{1E27B842-2F37-4989-95A5-028B3CF807C3}"
EndProject
Global
	GlobalSection(SolutionConfigurationPlatforms) = preSolution
		Debug|Any CPU = Debug|Any CPU
		Release|Any CPU = Release|Any CPU
	EndGlobalSection
	GlobalSection(ProjectConfigurationPlatforms) = postSolution
		{1E27B842-2F37-4989-95A5-028B3CF807C3}.Debug|Any CPU.ActiveCfg = Debug|Any CPU
		{1E27B842-2F37-4989-95A5-028B3CF807C3}.Debug|Any CPU.Build.0 = Debug|Any CPU
		{1E27B842-2F37-4989-95A5-028B3CF807C3}.Release|Any CPU.ActiveCfg = Release|Any CPU
		{1E27B842-2F37-4989-95A5-028B3CF807C3}.Release|Any CPU.Build.0 = Release|Any CPU
	EndGlobalSection
	GlobalSection(SolutionProperties) = preSolution
		HideSolutionNode = FALSE
	EndGlobalSection
	GlobalSection(ExtensibilityGlobals) = postSolution
		SolutionGuid = {1D37F0B5-FAD2-4A4D-89D1-8958EAF78F56}
	EndGlobalSection
EndGlobal
